// !$*UTF8*$!
{
	archiveVersion = 1;
	classes = {
	};
	objectVersion = 50;
	objects = {

/* Begin PBXBuildFile section */
		A065E59726D187F9005C93A7 /* Tests_iOS.swift in Sources */ = {isa = PBXBuildFile; fileRef = A065E59626D187F9005C93A7 /* Tests_iOS.swift */; };
		A065E5A226D187F9005C93A7 /* Tests_macOS.swift in Sources */ = {isa = PBXBuildFile; fileRef = A065E5A126D187F9005C93A7 /* Tests_macOS.swift */; };
		A065E5A426D187F9005C93A7 /* WaterApp.swift in Sources */ = {isa = PBXBuildFile; fileRef = A065E57B26D187F7005C93A7 /* WaterApp.swift */; };
		A065E5A526D187F9005C93A7 /* WaterApp.swift in Sources */ = {isa = PBXBuildFile; fileRef = A065E57B26D187F7005C93A7 /* WaterApp.swift */; };
		A065E5A626D187F9005C93A7 /* ContentView.swift in Sources */ = {isa = PBXBuildFile; fileRef = A065E57C26D187F7005C93A7 /* ContentView.swift */; };
		A065E5A726D187F9005C93A7 /* ContentView.swift in Sources */ = {isa = PBXBuildFile; fileRef = A065E57C26D187F7005C93A7 /* ContentView.swift */; };
		A065E5A826D187F9005C93A7 /* Assets.xcassets in Resources */ = {isa = PBXBuildFile; fileRef = A065E57D26D187F9005C93A7 /* Assets.xcassets */; };
		A065E5A926D187F9005C93A7 /* Assets.xcassets in Resources */ = {isa = PBXBuildFile; fileRef = A065E57D26D187F9005C93A7 /* Assets.xcassets */; };
/* End PBXBuildFile section */

/* Begin PBXContainerItemProxy section */
		A065E59326D187F9005C93A7 /* PBXContainerItemProxy */ = {
			isa = PBXContainerItemProxy;
			containerPortal = A065E57626D187F7005C93A7 /* Project object */;
			proxyType = 1;
			remoteGlobalIDString = A065E58126D187F9005C93A7;
			remoteInfo = "Water (iOS)";
		};
		A065E59E26D187F9005C93A7 /* PBXContainerItemProxy */ = {
			isa = PBXContainerItemProxy;
			containerPortal = A065E57626D187F7005C93A7 /* Project object */;
			proxyType = 1;
			remoteGlobalIDString = A065E58926D187F9005C93A7;
			remoteInfo = "Water (macOS)";
		};
/* End PBXContainerItemProxy section */

/* Begin PBXFileReference section */
		A065E57B26D187F7005C93A7 /* WaterApp.swift */ = {isa = PBXFileReference; lastKnownFileType = sourcecode.swift; path = WaterApp.swift; sourceTree = "<group>"; };
		A065E57C26D187F7005C93A7 /* ContentView.swift */ = {isa = PBXFileReference; lastKnownFileType = sourcecode.swift; path = ContentView.swift; sourceTree = "<group>"; };
		A065E57D26D187F9005C93A7 /* Assets.xcassets */ = {isa = PBXFileReference; lastKnownFileType = folder.assetcatalog; path = Assets.xcassets; sourceTree = "<group>"; };
		A065E58226D187F9005C93A7 /* Water.app */ = {isa = PBXFileReference; explicitFileType = wrapper.application; includeInIndex = 0; path = Water.app; sourceTree = BUILT_PRODUCTS_DIR; };
		A065E58526D187F9005C93A7 /* Info.plist */ = {isa = PBXFileReference; lastKnownFileType = text.plist.xml; path = Info.plist; sourceTree = "<group>"; };
		A065E58A26D187F9005C93A7 /* Water.app */ = {isa = PBXFileReference; explicitFileType = wrapper.application; includeInIndex = 0; path = Water.app; sourceTree = BUILT_PRODUCTS_DIR; };
		A065E58C26D187F9005C93A7 /* Info.plist */ = {isa = PBXFileReference; lastKnownFileType = text.plist.xml; path = Info.plist; sourceTree = "<group>"; };
		A065E58D26D187F9005C93A7 /* macOS.entitlements */ = {isa = PBXFileReference; lastKnownFileType = text.plist.entitlements; path = macOS.entitlements; sourceTree = "<group>"; };
		A065E59226D187F9005C93A7 /* Tests iOS.xctest */ = {isa = PBXFileReference; explicitFileType = wrapper.cfbundle; includeInIndex = 0; path = "Tests iOS.xctest"; sourceTree = BUILT_PRODUCTS_DIR; };
		A065E59626D187F9005C93A7 /* Tests_iOS.swift */ = {isa = PBXFileReference; lastKnownFileType = sourcecode.swift; path = Tests_iOS.swift; sourceTree = "<group>"; };
		A065E59826D187F9005C93A7 /* Info.plist */ = {isa = PBXFileReference; lastKnownFileType = text.plist.xml; path = Info.plist; sourceTree = "<group>"; };
		A065E59D26D187F9005C93A7 /* Tests macOS.xctest */ = {isa = PBXFileReference; explicitFileType = wrapper.cfbundle; includeInIndex = 0; path = "Tests macOS.xctest"; sourceTree = BUILT_PRODUCTS_DIR; };
		A065E5A126D187F9005C93A7 /* Tests_macOS.swift */ = {isa = PBXFileReference; lastKnownFileType = sourcecode.swift; path = Tests_macOS.swift; sourceTree = "<group>"; };
		A065E5A326D187F9005C93A7 /* Info.plist */ = {isa = PBXFileReference; lastKnownFileType = text.plist.xml; path = Info.plist; sourceTree = "<group>"; };
/* End PBXFileReference section */

/* Begin PBXFrameworksBuildPhase section */
		A065E57F26D187F9005C93A7 /* Frameworks */ = {
			isa = PBXFrameworksBuildPhase;
			buildActionMask = 2147483647;
			files = (
			);
			runOnlyForDeploymentPostprocessing = 0;
		};
		A065E58726D187F9005C93A7 /* Frameworks */ = {
			isa = PBXFrameworksBuildPhase;
			buildActionMask = 2147483647;
			files = (
			);
			runOnlyForDeploymentPostprocessing = 0;
		};
		A065E58F26D187F9005C93A7 /* Frameworks */ = {
			isa = PBXFrameworksBuildPhase;
			buildActionMask = 2147483647;
			files = (
			);
			runOnlyForDeploymentPostprocessing = 0;
		};
		A065E59A26D187F9005C93A7 /* Frameworks */ = {
			isa = PBXFrameworksBuildPhase;
			buildActionMask = 2147483647;
			files = (
			);
			runOnlyForDeploymentPostprocessing = 0;
		};
/* End PBXFrameworksBuildPhase section */

/* Begin PBXGroup section */
		A065E57526D187F7005C93A7 = {
			isa = PBXGroup;
			children = (
				A065E57A26D187F7005C93A7 /* Shared */,
				A065E58426D187F9005C93A7 /* iOS */,
				A065E58B26D187F9005C93A7 /* macOS */,
				A065E59526D187F9005C93A7 /* Tests iOS */,
				A065E5A026D187F9005C93A7 /* Tests macOS */,
				A065E58326D187F9005C93A7 /* Products */,
			);
			sourceTree = "<group>";
		};
		A065E57A26D187F7005C93A7 /* Shared */ = {
			isa = PBXGroup;
			children = (
				A065E57B26D187F7005C93A7 /* WaterApp.swift */,
				A065E57C26D187F7005C93A7 /* ContentView.swift */,
				A065E57D26D187F9005C93A7 /* Assets.xcassets */,
			);
			path = Shared;
			sourceTree = "<group>";
		};
		A065E58326D187F9005C93A7 /* Products */ = {
			isa = PBXGroup;
			children = (
				A065E58226D187F9005C93A7 /* Water.app */,
				A065E58A26D187F9005C93A7 /* Water.app */,
				A065E59226D187F9005C93A7 /* Tests iOS.xctest */,
				A065E59D26D187F9005C93A7 /* Tests macOS.xctest */,
			);
			name = Products;
			sourceTree = "<group>";
		};
		A065E58426D187F9005C93A7 /* iOS */ = {
			isa = PBXGroup;
			children = (
				A065E58526D187F9005C93A7 /* Info.plist */,
			);
			path = iOS;
			sourceTree = "<group>";
		};
		A065E58B26D187F9005C93A7 /* macOS */ = {
			isa = PBXGroup;
			children = (
				A065E58C26D187F9005C93A7 /* Info.plist */,
				A065E58D26D187F9005C93A7 /* macOS.entitlements */,
			);
			path = macOS;
			sourceTree = "<group>";
		};
		A065E59526D187F9005C93A7 /* Tests iOS */ = {
			isa = PBXGroup;
			children = (
				A065E59626D187F9005C93A7 /* Tests_iOS.swift */,
				A065E59826D187F9005C93A7 /* Info.plist */,
			);
			path = "Tests iOS";
			sourceTree = "<group>";
		};
		A065E5A026D187F9005C93A7 /* Tests macOS */ = {
			isa = PBXGroup;
			children = (
				A065E5A126D187F9005C93A7 /* Tests_macOS.swift */,
				A065E5A326D187F9005C93A7 /* Info.plist */,
			);
			path = "Tests macOS";
			sourceTree = "<group>";
		};
/* End PBXGroup section */

/* Begin PBXNativeTarget section */
		A065E58126D187F9005C93A7 /* Water (iOS) */ = {
			isa = PBXNativeTarget;
			buildConfigurationList = A065E5AC26D187F9005C93A7 /* Build configuration list for PBXNativeTarget "Water (iOS)" */;
			buildPhases = (
				A065E57E26D187F9005C93A7 /* Sources */,
				A065E57F26D187F9005C93A7 /* Frameworks */,
				A065E58026D187F9005C93A7 /* Resources */,
			);
			buildRules = (
			);
			dependencies = (
			);
			name = "Water (iOS)";
			productName = "Water (iOS)";
			productReference = A065E58226D187F9005C93A7 /* Water.app */;
			productType = "com.apple.product-type.application";
		};
		A065E58926D187F9005C93A7 /* Water (macOS) */ = {
			isa = PBXNativeTarget;
			buildConfigurationList = A065E5AF26D187F9005C93A7 /* Build configuration list for PBXNativeTarget "Water (macOS)" */;
			buildPhases = (
				A065E58626D187F9005C93A7 /* Sources */,
				A065E58726D187F9005C93A7 /* Frameworks */,
				A065E58826D187F9005C93A7 /* Resources */,
			);
			buildRules = (
			);
			dependencies = (
			);
			name = "Water (macOS)";
			productName = "Water (macOS)";
			productReference = A065E58A26D187F9005C93A7 /* Water.app */;
			productType = "com.apple.product-type.application";
		};
		A065E59126D187F9005C93A7 /* Tests iOS */ = {
			isa = PBXNativeTarget;
			buildConfigurationList = A065E5B226D187F9005C93A7 /* Build configuration list for PBXNativeTarget "Tests iOS" */;
			buildPhases = (
				A065E58E26D187F9005C93A7 /* Sources */,
				A065E58F26D187F9005C93A7 /* Frameworks */,
				A065E59026D187F9005C93A7 /* Resources */,
			);
			buildRules = (
			);
			dependencies = (
				A065E59426D187F9005C93A7 /* PBXTargetDependency */,
			);
			name = "Tests iOS";
			productName = "Tests iOS";
			productReference = A065E59226D187F9005C93A7 /* Tests iOS.xctest */;
			productType = "com.apple.product-type.bundle.ui-testing";
		};
		A065E59C26D187F9005C93A7 /* Tests macOS */ = {
			isa = PBXNativeTarget;
			buildConfigurationList = A065E5B526D187F9005C93A7 /* Build configuration list for PBXNativeTarget "Tests macOS" */;
			buildPhases = (
				A065E59926D187F9005C93A7 /* Sources */,
				A065E59A26D187F9005C93A7 /* Frameworks */,
				A065E59B26D187F9005C93A7 /* Resources */,
			);
			buildRules = (
			);
			dependencies = (
				A065E59F26D187F9005C93A7 /* PBXTargetDependency */,
			);
			name = "Tests macOS";
			productName = "Tests macOS";
			productReference = A065E59D26D187F9005C93A7 /* Tests macOS.xctest */;
			productType = "com.apple.product-type.bundle.ui-testing";
		};
/* End PBXNativeTarget section */

/* Begin PBXProject section */
		A065E57626D187F7005C93A7 /* Project object */ = {
			isa = PBXProject;
			attributes = {
				LastSwiftUpdateCheck = 1250;
				LastUpgradeCheck = 1250;
				TargetAttributes = {
					A065E58126D187F9005C93A7 = {
						CreatedOnToolsVersion = 12.5.1;
					};
					A065E58926D187F9005C93A7 = {
						CreatedOnToolsVersion = 12.5.1;
					};
					A065E59126D187F9005C93A7 = {
						CreatedOnToolsVersion = 12.5.1;
						TestTargetID = A065E58126D187F9005C93A7;
					};
					A065E59C26D187F9005C93A7 = {
						CreatedOnToolsVersion = 12.5.1;
						TestTargetID = A065E58926D187F9005C93A7;
					};
				};
			};
			buildConfigurationList = A065E57926D187F7005C93A7 /* Build configuration list for PBXProject "Water" */;
			compatibilityVersion = "Xcode 9.3";
			developmentRegion = en;
			hasScannedForEncodings = 0;
			knownRegions = (
				en,
				Base,
			);
			mainGroup = A065E57526D187F7005C93A7;
			productRefGroup = A065E58326D187F9005C93A7 /* Products */;
			projectDirPath = "";
			projectRoot = "";
			targets = (
				A065E58126D187F9005C93A7 /* Water (iOS) */,
				A065E58926D187F9005C93A7 /* Water (macOS) */,
				A065E59126D187F9005C93A7 /* Tests iOS */,
				A065E59C26D187F9005C93A7 /* Tests macOS */,
			);
		};
/* End PBXProject section */

/* Begin PBXResourcesBuildPhase section */
		A065E58026D187F9005C93A7 /* Resources */ = {
			isa = PBXResourcesBuildPhase;
			buildActionMask = 2147483647;
			files = (
				A065E5A826D187F9005C93A7 /* Assets.xcassets in Resources */,
			);
			runOnlyForDeploymentPostprocessing = 0;
		};
		A065E58826D187F9005C93A7 /* Resources */ = {
			isa = PBXResourcesBuildPhase;
			buildActionMask = 2147483647;
			files = (
				A065E5A926D187F9005C93A7 /* Assets.xcassets in Resources */,
			);
			runOnlyForDeploymentPostprocessing = 0;
		};
		A065E59026D187F9005C93A7 /* Resources */ = {
			isa = PBXResourcesBuildPhase;
			buildActionMask = 2147483647;
			files = (
			);
			runOnlyForDeploymentPostprocessing = 0;
		};
		A065E59B26D187F9005C93A7 /* Resources */ = {
			isa = PBXResourcesBuildPhase;
			buildActionMask = 2147483647;
			files = (
			);
			runOnlyForDeploymentPostprocessing = 0;
		};
/* End PBXResourcesBuildPhase section */

/* Begin PBXSourcesBuildPhase section */
		A065E57E26D187F9005C93A7 /* Sources */ = {
			isa = PBXSourcesBuildPhase;
			buildActionMask = 2147483647;
			files = (
				A065E5A626D187F9005C93A7 /* ContentView.swift in Sources */,
				A065E5A426D187F9005C93A7 /* WaterApp.swift in Sources */,
			);
			runOnlyForDeploymentPostprocessing = 0;
		};
		A065E58626D187F9005C93A7 /* Sources */ = {
			isa = PBXSourcesBuildPhase;
			buildActionMask = 2147483647;
			files = (
				A065E5A726D187F9005C93A7 /* ContentView.swift in Sources */,
				A065E5A526D187F9005C93A7 /* WaterApp.swift in Sources */,
			);
			runOnlyForDeploymentPostprocessing = 0;
		};
		A065E58E26D187F9005C93A7 /* Sources */ = {
			isa = PBXSourcesBuildPhase;
			buildActionMask = 2147483647;
			files = (
				A065E59726D187F9005C93A7 /* Tests_iOS.swift in Sources */,
			);
			runOnlyForDeploymentPostprocessing = 0;
		};
		A065E59926D187F9005C93A7 /* Sources */ = {
			isa = PBXSourcesBuildPhase;
			buildActionMask = 2147483647;
			files = (
				A065E5A226D187F9005C93A7 /* Tests_macOS.swift in Sources */,
			);
			runOnlyForDeploymentPostprocessing = 0;
		};
/* End PBXSourcesBuildPhase section */

/* Begin PBXTargetDependency section */
		A065E59426D187F9005C93A7 /* PBXTargetDependency */ = {
			isa = PBXTargetDependency;
			target = A065E58126D187F9005C93A7 /* Water (iOS) */;
			targetProxy = A065E59326D187F9005C93A7 /* PBXContainerItemProxy */;
		};
		A065E59F26D187F9005C93A7 /* PBXTargetDependency */ = {
			isa = PBXTargetDependency;
			target = A065E58926D187F9005C93A7 /* Water (macOS) */;
			targetProxy = A065E59E26D187F9005C93A7 /* PBXContainerItemProxy */;
		};
/* End PBXTargetDependency section */

/* Begin XCBuildConfiguration section */
		A065E5AA26D187F9005C93A7 /* Debug */ = {
			isa = XCBuildConfiguration;
			buildSettings = {
				ALWAYS_SEARCH_USER_PATHS = NO;
				CLANG_ANALYZER_NONNULL = YES;
				CLANG_ANALYZER_NUMBER_OBJECT_CONVERSION = YES_AGGRESSIVE;
				CLANG_CXX_LANGUAGE_STANDARD = "gnu++14";
				CLANG_CXX_LIBRARY = "libc++";
				CLANG_ENABLE_MODULES = YES;
				CLANG_ENABLE_OBJC_ARC = YES;
				CLANG_ENABLE_OBJC_WEAK = YES;
				CLANG_WARN_BLOCK_CAPTURE_AUTORELEASING = YES;
				CLANG_WARN_BOOL_CONVERSION = YES;
				CLANG_WARN_COMMA = YES;
				CLANG_WARN_CONSTANT_CONVERSION = YES;
				CLANG_WARN_DEPRECATED_OBJC_IMPLEMENTATIONS = YES;
				CLANG_WARN_DIRECT_OBJC_ISA_USAGE = YES_ERROR;
				CLANG_WARN_DOCUMENTATION_COMMENTS = YES;
				CLANG_WARN_EMPTY_BODY = YES;
				CLANG_WARN_ENUM_CONVERSION = YES;
				CLANG_WARN_INFINITE_RECURSION = YES;
				CLANG_WARN_INT_CONVERSION = YES;
				CLANG_WARN_NON_LITERAL_NULL_CONVERSION = YES;
				CLANG_WARN_OBJC_IMPLICIT_RETAIN_SELF = YES;
				CLANG_WARN_OBJC_LITERAL_CONVERSION = YES;
				CLANG_WARN_OBJC_ROOT_CLASS = YES_ERROR;
				CLANG_WARN_QUOTED_INCLUDE_IN_FRAMEWORK_HEADER = YES;
				CLANG_WARN_RANGE_LOOP_ANALYSIS = YES;
				CLANG_WARN_STRICT_PROTOTYPES = YES;
				CLANG_WARN_SUSPICIOUS_MOVE = YES;
				CLANG_WARN_UNGUARDED_AVAILABILITY = YES_AGGRESSIVE;
				CLANG_WARN_UNREACHABLE_CODE = YES;
				CLANG_WARN__DUPLICATE_METHOD_MATCH = YES;
				COPY_PHASE_STRIP = NO;
				DEBUG_INFORMATION_FORMAT = dwarf;
				ENABLE_STRICT_OBJC_MSGSEND = YES;
				ENABLE_TESTABILITY = YES;
				GCC_C_LANGUAGE_STANDARD = gnu11;
				GCC_DYNAMIC_NO_PIC = NO;
				GCC_NO_COMMON_BLOCKS = YES;
				GCC_OPTIMIZATION_LEVEL = 0;
				GCC_PREPROCESSOR_DEFINITIONS = (
					"DEBUG=1",
					"$(inherited)",
				);
				GCC_WARN_64_TO_32_BIT_CONVERSION = YES;
				GCC_WARN_ABOUT_RETURN_TYPE = YES_ERROR;
				GCC_WARN_UNDECLARED_SELECTOR = YES;
				GCC_WARN_UNINITIALIZED_AUTOS = YES_AGGRESSIVE;
				GCC_WARN_UNUSED_FUNCTION = YES;
				GCC_WARN_UNUSED_VARIABLE = YES;
				MTL_ENABLE_DEBUG_INFO = INCLUDE_SOURCE;
				MTL_FAST_MATH = YES;
				ONLY_ACTIVE_ARCH = YES;
				SWIFT_ACTIVE_COMPILATION_CONDITIONS = DEBUG;
				SWIFT_OPTIMIZATION_LEVEL = "-Onone";
			};
			name = Debug;
		};
		A065E5AB26D187F9005C93A7 /* Release */ = {
			isa = XCBuildConfiguration;
			buildSettings = {
				ALWAYS_SEARCH_USER_PATHS = NO;
				CLANG_ANALYZER_NONNULL = YES;
				CLANG_ANALYZER_NUMBER_OBJECT_CONVERSION = YES_AGGRESSIVE;
				CLANG_CXX_LANGUAGE_STANDARD = "gnu++14";
				CLANG_CXX_LIBRARY = "libc++";
				CLANG_ENABLE_MODULES = YES;
				CLANG_ENABLE_OBJC_ARC = YES;
				CLANG_ENABLE_OBJC_WEAK = YES;
				CLANG_WARN_BLOCK_CAPTURE_AUTORELEASING = YES;
				CLANG_WARN_BOOL_CONVERSION = YES;
				CLANG_WARN_COMMA = YES;
				CLANG_WARN_CONSTANT_CONVERSION = YES;
				CLANG_WARN_DEPRECATED_OBJC_IMPLEMENTATIONS = YES;
				CLANG_WARN_DIRECT_OBJC_ISA_USAGE = YES_ERROR;
				CLANG_WARN_DOCUMENTATION_COMMENTS = YES;
				CLANG_WARN_EMPTY_BODY = YES;
				CLANG_WARN_ENUM_CONVERSION = YES;
				CLANG_WARN_INFINITE_RECURSION = YES;
				CLANG_WARN_INT_CONVERSION = YES;
				CLANG_WARN_NON_LITERAL_NULL_CONVERSION = YES;
				CLANG_WARN_OBJC_IMPLICIT_RETAIN_SELF = YES;
				CLANG_WARN_OBJC_LITERAL_CONVERSION = YES;
				CLANG_WARN_OBJC_ROOT_CLASS = YES_ERROR;
				CLANG_WARN_QUOTED_INCLUDE_IN_FRAMEWORK_HEADER = YES;
				CLANG_WARN_RANGE_LOOP_ANALYSIS = YES;
				CLANG_WARN_STRICT_PROTOTYPES = YES;
				CLANG_WARN_SUSPICIOUS_MOVE = YES;
				CLANG_WARN_UNGUARDED_AVAILABILITY = YES_AGGRESSIVE;
				CLANG_WARN_UNREACHABLE_CODE = YES;
				CLANG_WARN__DUPLICATE_METHOD_MATCH = YES;
				COPY_PHASE_STRIP = NO;
				DEBUG_INFORMATION_FORMAT = "dwarf-with-dsym";
				ENABLE_NS_ASSERTIONS = NO;
				ENABLE_STRICT_OBJC_MSGSEND = YES;
				GCC_C_LANGUAGE_STANDARD = gnu11;
				GCC_NO_COMMON_BLOCKS = YES;
				GCC_WARN_64_TO_32_BIT_CONVERSION = YES;
				GCC_WARN_ABOUT_RETURN_TYPE = YES_ERROR;
				GCC_WARN_UNDECLARED_SELECTOR = YES;
				GCC_WARN_UNINITIALIZED_AUTOS = YES_AGGRESSIVE;
				GCC_WARN_UNUSED_FUNCTION = YES;
				GCC_WARN_UNUSED_VARIABLE = YES;
				MTL_ENABLE_DEBUG_INFO = NO;
				MTL_FAST_MATH = YES;
				SWIFT_COMPILATION_MODE = wholemodule;
				SWIFT_OPTIMIZATION_LEVEL = "-O";
			};
			name = Release;
		};
		A065E5AD26D187F9005C93A7 /* Debug */ = {
			isa = XCBuildConfiguration;
			buildSettings = {
				ASSETCATALOG_COMPILER_APPICON_NAME = AppIcon;
				ASSETCATALOG_COMPILER_GLOBAL_ACCENT_COLOR_NAME = AccentColor;
				CODE_SIGN_STYLE = Automatic;
				ENABLE_PREVIEWS = YES;
				INFOPLIST_FILE = iOS/Info.plist;
				IPHONEOS_DEPLOYMENT_TARGET = 14.0;
				LD_RUNPATH_SEARCH_PATHS = (
					"$(inherited)",
					"@executable_path/Frameworks",
				);
				PRODUCT_BUNDLE_IDENTIFIER = Water.Water;
				PRODUCT_NAME = Water;
				SDKROOT = iphoneos;
				SWIFT_VERSION = 5.0;
				TARGETED_DEVICE_FAMILY = "1,2";
			};
			name = Debug;
		};
		A065E5AE26D187F9005C93A7 /* Release */ = {
			isa = XCBuildConfiguration;
			buildSettings = {
				ASSETCATALOG_COMPILER_APPICON_NAME = AppIcon;
				ASSETCATALOG_COMPILER_GLOBAL_ACCENT_COLOR_NAME = AccentColor;
				CODE_SIGN_STYLE = Automatic;
				ENABLE_PREVIEWS = YES;
				INFOPLIST_FILE = iOS/Info.plist;
				IPHONEOS_DEPLOYMENT_TARGET = 14.0;
				LD_RUNPATH_SEARCH_PATHS = (
					"$(inherited)",
					"@executable_path/Frameworks",
				);
				PRODUCT_BUNDLE_IDENTIFIER = Water.Water;
				PRODUCT_NAME = Water;
				SDKROOT = iphoneos;
				SWIFT_VERSION = 5.0;
				TARGETED_DEVICE_FAMILY = "1,2";
				VALIDATE_PRODUCT = YES;
			};
			name = Release;
		};
		A065E5B026D187F9005C93A7 /* Debug */ = {
			isa = XCBuildConfiguration;
			buildSettings = {
				ASSETCATALOG_COMPILER_APPICON_NAME = AppIcon;
				ASSETCATALOG_COMPILER_GLOBAL_ACCENT_COLOR_NAME = AccentColor;
				CODE_SIGN_ENTITLEMENTS = macOS/macOS.entitlements;
				CODE_SIGN_STYLE = Automatic;
				COMBINE_HIDPI_IMAGES = YES;
				ENABLE_PREVIEWS = YES;
				INFOPLIST_FILE = macOS/Info.plist;
				LD_RUNPATH_SEARCH_PATHS = (
					"$(inherited)",
					"@executable_path/../Frameworks",
				);
				MACOSX_DEPLOYMENT_TARGET = 11.0;
				PRODUCT_BUNDLE_IDENTIFIER = Water.Water;
				PRODUCT_NAME = Water;
				SDKROOT = macosx;
				SWIFT_VERSION = 5.0;
			};
			name = Debug;
		};
		A065E5B126D187F9005C93A7 /* Release */ = {
			isa = XCBuildConfiguration;
			buildSettings = {
				ASSETCATALOG_COMPILER_APPICON_NAME = AppIcon;
				ASSETCATALOG_COMPILER_GLOBAL_ACCENT_COLOR_NAME = AccentColor;
				CODE_SIGN_ENTITLEMENTS = macOS/macOS.entitlements;
				CODE_SIGN_STYLE = Automatic;
				COMBINE_HIDPI_IMAGES = YES;
				ENABLE_PREVIEWS = YES;
				INFOPLIST_FILE = macOS/Info.plist;
				LD_RUNPATH_SEARCH_PATHS = (
					"$(inherited)",
					"@executable_path/../Frameworks",
				);
				MACOSX_DEPLOYMENT_TARGET = 11.0;
				PRODUCT_BUNDLE_IDENTIFIER = Water.Water;
				PRODUCT_NAME = Water;
				SDKROOT = macosx;
				SWIFT_VERSION = 5.0;
			};
			name = Release;
		};
		A065E5B326D187F9005C93A7 /* Debug */ = {
			isa = XCBuildConfiguration;
			buildSettings = {
				ALWAYS_EMBED_SWIFT_STANDARD_LIBRARIES = YES;
				CODE_SIGN_STYLE = Automatic;
				INFOPLIST_FILE = "Tests iOS/Info.plist";
				IPHONEOS_DEPLOYMENT_TARGET = 14.5;
				LD_RUNPATH_SEARCH_PATHS = (
					"$(inherited)",
					"@executable_path/Frameworks",
					"@loader_path/Frameworks",
				);
				PRODUCT_BUNDLE_IDENTIFIER = "Water.Tests-iOS";
				PRODUCT_NAME = "$(TARGET_NAME)";
				SDKROOT = iphoneos;
				SWIFT_VERSION = 5.0;
				TARGETED_DEVICE_FAMILY = "1,2";
				TEST_TARGET_NAME = "Water (iOS)";
			};
			name = Debug;
		};
		A065E5B426D187F9005C93A7 /* Release */ = {
			isa = XCBuildConfiguration;
			buildSettings = {
				ALWAYS_EMBED_SWIFT_STANDARD_LIBRARIES = YES;
				CODE_SIGN_STYLE = Automatic;
				INFOPLIST_FILE = "Tests iOS/Info.plist";
				IPHONEOS_DEPLOYMENT_TARGET = 14.5;
				LD_RUNPATH_SEARCH_PATHS = (
					"$(inherited)",
					"@executable_path/Frameworks",
					"@loader_path/Frameworks",
				);
				PRODUCT_BUNDLE_IDENTIFIER = "Water.Tests-iOS";
				PRODUCT_NAME = "$(TARGET_NAME)";
				SDKROOT = iphoneos;
				SWIFT_VERSION = 5.0;
				TARGETED_DEVICE_FAMILY = "1,2";
				TEST_TARGET_NAME = "Water (iOS)";
				VALIDATE_PRODUCT = YES;
			};
			name = Release;
		};
		A065E5B626D187F9005C93A7 /* Debug */ = {
			isa = XCBuildConfiguration;
			buildSettings = {
				ALWAYS_EMBED_SWIFT_STANDARD_LIBRARIES = YES;
				CODE_SIGN_STYLE = Automatic;
				COMBINE_HIDPI_IMAGES = YES;
				INFOPLIST_FILE = "Tests macOS/Info.plist";
				LD_RUNPATH_SEARCH_PATHS = (
					"$(inherited)",
					"@executable_path/../Frameworks",
					"@loader_path/../Frameworks",
				);
				MACOSX_DEPLOYMENT_TARGET = 11.3;
				PRODUCT_BUNDLE_IDENTIFIER = "Water.Tests-macOS";
				PRODUCT_NAME = "$(TARGET_NAME)";
				SDKROOT = macosx;
				SWIFT_VERSION = 5.0;
				TEST_TARGET_NAME = "Water (macOS)";
			};
			name = Debug;
		};
		A065E5B726D187F9005C93A7 /* Release */ = {
			isa = XCBuildConfiguration;
			buildSettings = {
				ALWAYS_EMBED_SWIFT_STANDARD_LIBRARIES = YES;
				CODE_SIGN_STYLE = Automatic;
				COMBINE_HIDPI_IMAGES = YES;
				INFOPLIST_FILE = "Tests macOS/Info.plist";
				LD_RUNPATH_SEARCH_PATHS = (
					"$(inherited)",
					"@executable_path/../Frameworks",
					"@loader_path/../Frameworks",
				);
				MACOSX_DEPLOYMENT_TARGET = 11.3;
				PRODUCT_BUNDLE_IDENTIFIER = "Water.Tests-macOS";
				PRODUCT_NAME = "$(TARGET_NAME)";
				SDKROOT = macosx;
				SWIFT_VERSION = 5.0;
				TEST_TARGET_NAME = "Water (macOS)";
			};
			name = Release;
		};
/* End XCBuildConfiguration section */

/* Begin XCConfigurationList section */
		A065E57926D187F7005C93A7 /* Build configuration list for PBXProject "Water" */ = {
			isa = XCConfigurationList;
			buildConfigurations = (
				A065E5AA26D187F9005C93A7 /* Debug */,
				A065E5AB26D187F9005C93A7 /* Release */,
			);
			defaultConfigurationIsVisible = 0;
			defaultConfigurationName = Release;
		};
		A065E5AC26D187F9005C93A7 /* Build configuration list for PBXNativeTarget "Water (iOS)" */ = {
			isa = XCConfigurationList;
			buildConfigurations = (
				A065E5AD26D187F9005C93A7 /* Debug */,
				A065E5AE26D187F9005C93A7 /* Release */,
			);
			defaultConfigurationIsVisible = 0;
			defaultConfigurationName = Release;
		};
		A065E5AF26D187F9005C93A7 /* Build configuration list for PBXNativeTarget "Water (macOS)" */ = {
			isa = XCConfigurationList;
			buildConfigurations = (
				A065E5B026D187F9005C93A7 /* Debug */,
				A065E5B126D187F9005C93A7 /* Release */,
			);
			defaultConfigurationIsVisible = 0;
			defaultConfigurationName = Release;
		};
		A065E5B226D187F9005C93A7 /* Build configuration list for PBXNativeTarget "Tests iOS" */ = {
			isa = XCConfigurationList;
			buildConfigurations = (
				A065E5B326D187F9005C93A7 /* Debug */,
				A065E5B426D187F9005C93A7 /* Release */,
			);
			defaultConfigurationIsVisible = 0;
			defaultConfigurationName = Release;
		};
		A065E5B526D187F9005C93A7 /* Build configuration list for PBXNativeTarget "Tests macOS" */ = {
			isa = XCConfigurationList;
			buildConfigurations = (
				A065E5B626D187F9005C93A7 /* Debug */,
				A065E5B726D187F9005C93A7 /* Release */,
			);
			defaultConfigurationIsVisible = 0;
			defaultConfigurationName = Release;
		};
/* End XCConfigurationList section */
	};
	rootObject = A065E57626D187F7005C93A7 /* Project object */;
}
